DEPENDENCIES
  friend_sites
    path: .
    metadata: true

GRAPH
  apache2 (5.2.1)
  apt (7.1.1)
  build-essential (8.2.1)
    mingw (>= 1.1)
    seven_zip (>= 0.0.0)
  friend_sites (0.1.0)
    apache2 (>= 0.0.0)
    mysql (>= 0.0.0)
    mysql2_chef_gem (>= 0.0.0)
    openssl-source (>= 0.0.0)
    php (>= 0.0.0)
  inifile_chef_gem (0.1.0)
    build-essential (>= 0.0.0)
  mariadb (1.5.4)
    apt (>= 0.0.0)
    build-essential (>= 0.0.0)
    selinux_policy (~> 2.0)
    yum (>= 0.0.0)
    yum-epel (>= 0.0.0)
    yum-scl (>= 0.0.0)
  mingw (2.1.0)
    seven_zip (>= 0.0.0)
  mysql (8.5.1)
  mysql2_chef_gem (2.1.0)
    build-essential (>= 2.4.0)
    mariadb (>= 0.0.0)
    mysql (>= 8.2.0)
  openssl-source (1.0.4)
    build-essential (>= 0.0.0)
  php (6.1.1)
    build-essential (>= 5.0)
    yum-epel (>= 0.0.0)
  selinux_policy (2.3.2)
  seven_zip (3.1.0)
    windows (>= 0.0.0)
  windows (5.2.2)
  yum (5.1.0)
  yum-epel (3.3.0)
  yum-scl (0.2.0)
    inifile_chef_gem (>= 0.0.0)
    yum (>= 0.0.0)
